// !$*UTF8*$!
{
	archiveVersion = 1;
	classes = {
	};
	objectVersion = 110;
	objects = {

/* Begin PBXContainerItemProxy section */
		65B2E75730643DB800E4A229 /* PBXContainerItemProxy */ = {
			isa = PBXContainerItemProxy;
			containerPortal = 65B2E74130643DB600E4A229 /* Project object */;
			proxyType = 1;
			remoteGlobalIDString = 65B2E74830643DB600E4A229;
			remoteInfo = SwiftUI.Metronome;
		};
		65B2E76130643DB800E4A229 /* PBXContainerItemProxy */ = {
			isa = PBXContainerItemProxy;
			containerPortal = 65B2E74130643DB600E4A229 /* Project object */;
			proxyType = 1;
			remoteGlobalIDString = 65B2E74830643DB600E4A229;
			remoteInfo = SwiftUI.Metronome;
		};
/* End PBXContainerItemProxy section */

/* Begin PBXFileReference section */
		65B2E74930643DB600E4A229 /* SwiftUI.Metronome.app */ = {isa = PBXFileReference; explicitFileType = wrapper.application; includeInIndex = 0; path = SwiftUI.Metronome.app; sourceTree = BUILT_PRODUCTS_DIR; };
		65B2E75630643DB800E4A229 /* SwiftUI.MetronomeTests.xctest */ = {isa = PBXFileReference; explicitFileType = wrapper.cfbundle; includeInIndex = 0; path = SwiftUI.MetronomeTests.xctest; sourceTree = BUILT_PRODUCTS_DIR; };
		65B2E76030643DB800E4A229 /* SwiftUI.MetronomeUITests.xctest */ = {isa = PBXFileReference; explicitFileType = wrapper.cfbundle; includeInIndex = 0; path = SwiftUI.MetronomeUITests.xctest; sourceTree = BUILT_PRODUCTS_DIR; };
/* End PBXFileReference section */

/* Begin PBXFileSystemSynchronizedRootGroup section */
		65B2E74B30643DB600E4A229 /* SwiftUI.Metronome */ = {
			isa = PBXFileSystemSynchronizedRootGroup;
			path = SwiftUI.Metronome;
			sourceTree = "<group>";
		};
		65B2E75930643DB800E4A229 /* SwiftUI.MetronomeTests */ = {
			isa = PBXFileSystemSynchronizedRootGroup;
			path = SwiftUI.MetronomeTests;
			sourceTree = "<group>";
		};
		65B2E76330643DB800E4A229 /* SwiftUI.MetronomeUITests */ = {
			isa = PBXFileSystemSynchronizedRootGroup;
			path = SwiftUI.MetronomeUITests;
			sourceTree = "<group>";
		};
/* End PBXFileSystemSynchronizedRootGroup section */

/* Begin PBXFrameworksBuildPhase section */
		65B2E74630643DB600E4A229 /* Frameworks */ = {
			isa = PBXFrameworksBuildPhase;
			files = (
			);
		};
		65B2E75330643DB800E4A229 /* Frameworks */ = {
			isa = PBXFrameworksBuildPhase;
			files = (
			);
		};
		65B2E75D30643DB800E4A229 /* Frameworks */ = {
			isa = PBXFrameworksBuildPhase;
			files = (
			);
		};
/* End PBXFrameworksBuildPhase section */

/* Begin PBXGroup section */
		65B2E74030643DB600E4A229 = {
			isa = PBXGroup;
			children = (
				65B2E74B30643DB600E4A229 /* SwiftUI.Metronome */,
				65B2E75930643DB800E4A229 /* SwiftUI.MetronomeTests */,
				65B2E76330643DB800E4A229 /* SwiftUI.MetronomeUITests */,
				65B2E74A30643DB600E4A229 /* Products */,
			);
			sourceTree = "<group>";
		};
		65B2E74A30643DB600E4A229 /* Products */ = {
			isa = PBXGroup;
			children = (
				65B2E74930643DB600E4A229 /* SwiftUI.Metronome.app */,
				65B2E75630643DB800E4A229 /* SwiftUI.MetronomeTests.xctest */,
				65B2E76030643DB800E4A229 /* SwiftUI.MetronomeUITests.xctest */,
			);
			name = Products;
			sourceTree = "<group>";
		};
/* End PBXGroup section */

/* Begin PBXNativeTarget section */
		65B2E74830643DB600E4A229 /* SwiftUI.Metronome */ = {
			isa = PBXNativeTarget;
			buildConfigurationList = 65B2E76830643DB800E4A229 /* Build configuration list for PBXNativeTarget "SwiftUI.Metronome" */;
			buildPhases = (
				65B2E74530643DB600E4A229 /* Sources */,
				65B2E74630643DB600E4A229 /* Frameworks */,
				65B2E74730643DB600E4A229 /* Resources */,
			);
			buildRules = (
			);
			fileSystemSynchronizedGroups = (
				65B2E74B30643DB600E4A229 /* SwiftUI.Metronome */,
			);
			name = SwiftUI.Metronome;
			productName = SwiftUI.Metronome;
			productReference = 65B2E74930643DB600E4A229 /* SwiftUI.Metronome.app */;
			productType = "com.apple.product-type.application";
		};
		65B2E75530643DB800E4A229 /* SwiftUI.MetronomeTests */ = {
			isa = PBXNativeTarget;
			buildConfigurationList = 65B2E76B30643DB800E4A229 /* Build configuration list for PBXNativeTarget "SwiftUI.MetronomeTests" */;
			buildPhases = (
				65B2E75230643DB800E4A229 /* Sources */,
				65B2E75330643DB800E4A229 /* Frameworks */,
				65B2E75430643DB800E4A229 /* Resources */,
			);
			buildRules = (
			);
			dependencies = (
				65B2E75830643DB800E4A229 /* PBXTargetDependency */,
			);
			fileSystemSynchronizedGroups = (
				65B2E75930643DB800E4A229 /* SwiftUI.MetronomeTests */,
			);
			name = SwiftUI.MetronomeTests;
			productName = SwiftUI.MetronomeTests;
			productReference = 65B2E75630643DB800E4A229 /* SwiftUI.MetronomeTests.xctest */;
			productType = "com.apple.product-type.bundle.unit-test";
		};
		65B2E75F30643DB800E4A229 /* SwiftUI.MetronomeUITests */ = {
			isa = PBXNativeTarget;
			buildConfigurationList = 65B2E76E30643DB800E4A229 /* Build configuration list for PBXNativeTarget "SwiftUI.MetronomeUITests" */;
			buildPhases = (
				65B2E75C30643DB800E4A229 /* Sources */,
				65B2E75D30643DB800E4A229 /* Frameworks */,
				65B2E75E30643DB800E4A229 /* Resources */,
			);
			buildRules = (
			);
			dependencies = (
				65B2E76230643DB800E4A229 /* PBXTargetDependency */,
			);
			fileSystemSynchronizedGroups = (
				65B2E76330643DB800E4A229 /* SwiftUI.MetronomeUITests */,
			);
			name = SwiftUI.MetronomeUITests;
			productName = SwiftUI.MetronomeUITests;
			productReference = 65B2E76030643DB800E4A229 /* SwiftUI.MetronomeUITests.xctest */;
			productType = "com.apple.product-type.bundle.ui-testing";
		};
/* End PBXNativeTarget section */

/* Begin PBXProject section */
		65B2E74130643DB600E4A229 /* Project object */ = {
			isa = PBXProject;
			attributes = {
				BuildIndependentTargetsInParallel = 1;
				LastSwiftUpdateCheck = 2700;
				LastUpgradeCheck = 2700;
				TargetAttributes = {
					65B2E74830643DB600E4A229 = {
						CreatedOnToolsVersion = 27.0;
					};
					65B2E75530643DB800E4A229 = {
						CreatedOnToolsVersion = 27.0;
						TestTargetID = 65B2E74830643DB600E4A229;
					};
					65B2E75F30643DB800E4A229 = {
						CreatedOnToolsVersion = 27.0;
						TestTargetID = 65B2E74830643DB600E4A229;
					};
				};
			};
			buildConfigurationList = 65B2E74430643DB600E4A229 /* Build configuration list for PBXProject "SwiftUI.Metronome" */;
			developmentRegion = en;
			hasScannedForEncodings = 0;
			knownRegions = (
				en,
				Base,
			);
			mainGroup = 65B2E74030643DB600E4A229;
			minimizedProjectReferenceProxies = 1;
			preferredProjectObjectVersion = 77;
			productRefGroup = 65B2E74A30643DB600E4A229 /* Products */;
			projectDirPath = "";
			projectRoot = "";
			targets = (
				65B2E74830643DB600E4A229 /* SwiftUI.Metronome */,
				65B2E75530643DB800E4A229 /* SwiftUI.MetronomeTests */,
				65B2E75F30643DB800E4A229 /* SwiftUI.MetronomeUITests */,
			);
		};
/* End PBXProject section */

/* Begin PBXResourcesBuildPhase section */
		65B2E74730643DB600E4A229 /* Resources */ = {
			isa = PBXResourcesBuildPhase;
			files = (
			);
		};
		65B2E75430643DB800E4A229 /* Resources */ = {
			isa = PBXResourcesBuildPhase;
			files = (
			);
		};
		65B2E75E30643DB800E4A229 /* Resources */ = {
			isa = PBXResourcesBuildPhase;
			files = (
			);
		};
/* End PBXResourcesBuildPhase section */

/* Begin PBXSourcesBuildPhase section */
		65B2E74530643DB600E4A229 /* Sources */ = {
			isa = PBXSourcesBuildPhase;
			files = (
			);
		};
		65B2E75230643DB800E4A229 /* Sources */ = {
			isa = PBXSourcesBuildPhase;
			files = (
			);
		};
		65B2E75C30643DB800E4A229 /* Sources */ = {
			isa = PBXSourcesBuildPhase;
			files = (
			);
		};
/* End PBXSourcesBuildPhase section */

/* Begin PBXTargetDependency section */
		65B2E75830643DB800E4A229 /* PBXTargetDependency */ = {
			isa = PBXTargetDependency;
			target = 65B2E74830643DB600E4A229 /* SwiftUI.Metronome */;
			targetProxy = 65B2E75730643DB800E4A229 /* PBXContainerItemProxy */;
		};
		65B2E76230643DB800E4A229 /* PBXTargetDependency */ = {
			isa = PBXTargetDependency;
			target = 65B2E74830643DB600E4A229 /* SwiftUI.Metronome */;
			targetProxy = 65B2E76130643DB800E4A229 /* PBXContainerItemProxy */;
		};
/* End PBXTargetDependency section */

/* Begin XCBuildConfiguration section */
		65B2E76630643DB800E4A229 /* Debug configuration for PBXProject "SwiftUI.Metronome" */ = {
			isa = XCBuildConfiguration;
			buildSettings = {
				ALWAYS_SEARCH_USER_PATHS = NO;
				ASSETCATALOG_COMPILER_GENERATE_SWIFT_ASSET_SYMBOL_EXTENSIONS = YES;
				CLANG_ANALYZER_NONNULL = YES;
				CLANG_ANALYZER_NUMBER_OBJECT_CONVERSION = YES_AGGRESSIVE;
				CLANG_CXX_LANGUAGE_STANDARD = "gnu++20";
				CLANG_ENABLE_MODULES = YES;
				CLANG_ENABLE_OBJC_ARC = YES;
				CLANG_ENABLE_OBJC_WEAK = YES;
				CLANG_WARN_BLOCK_CAPTURE_AUTORELEASING = YES;
				CLANG_WARN_BOOL_CONVERSION = YES;
				CLANG_WARN_COMMA = YES;
				CLANG_WARN_CONSTANT_CONVERSION = YES;
				CLANG_WARN_DEPRECATED_OBJC_IMPLEMENTATIONS = YES;
				CLANG_WARN_DIRECT_OBJC_ISA_USAGE = YES_ERROR;
				CLANG_WARN_DOCUMENTATION_COMMENTS = YES;
				CLANG_WARN_EMPTY_BODY = YES;
				CLANG_WARN_ENUM_CONVERSION = YES;
				CLANG_WARN_INFINITE_RECURSION = YES;
				CLANG_WARN_INT_CONVERSION = YES;
				CLANG_WARN_NON_LITERAL_NULL_CONVERSION = YES;
				CLANG_WARN_OBJC_IMPLICIT_RETAIN_SELF = YES;
				CLANG_WARN_OBJC_LITERAL_CONVERSION = YES;
				CLANG_WARN_OBJC_ROOT_CLASS = YES_ERROR;
				CLANG_WARN_QUOTED_INCLUDE_IN_FRAMEWORK_HEADER = YES;
				CLANG_WARN_RANGE_LOOP_ANALYSIS = YES;
				CLANG_WARN_STRICT_PROTOTYPES = YES;
				CLANG_WARN_SUSPICIOUS_MOVE = YES;
				CLANG_WARN_UNGUARDED_AVAILABILITY = YES_AGGRESSIVE;
				CLANG_WARN_UNREACHABLE_CODE = YES;
				CLANG_WARN__DUPLICATE_METHOD_MATCH = YES;
				COPY_PHASE_STRIP = NO;
				DEBUG_INFORMATION_FORMAT = dwarf;
				DEVELOPMENT_TEAM = WUZMZ57JUU;
				ENABLE_STRICT_OBJC_MSGSEND = YES;
				ENABLE_TESTABILITY = YES;
				ENABLE_USER_SCRIPT_SANDBOXING = YES;
				GCC_C_LANGUAGE_STANDARD = gnu17;
				GCC_DYNAMIC_NO_PIC = NO;
				GCC_NO_COMMON_BLOCKS = YES;
				GCC_OPTIMIZATION_LEVEL = 0;
				GCC_PREPROCESSOR_DEFINITIONS = (
					"DEBUG=1",
					"$(inherited)",
				);
				GCC_WARN_64_TO_32_BIT_CONVERSION = YES;
				GCC_WARN_ABOUT_RETURN_TYPE = YES_ERROR;
				GCC_WARN_UNDECLARED_SELECTOR = YES;
				GCC_WARN_UNINITIALIZED_AUTOS = YES_AGGRESSIVE;
				GCC_WARN_UNUSED_FUNCTION = YES;
				GCC_WARN_UNUSED_VARIABLE = YES;
				LOCALIZATION_PREFERS_STRING_CATALOGS = YES;
				MTL_ENABLE_DEBUG_INFO = INCLUDE_SOURCE;
				MTL_FAST_MATH = YES;
				ONLY_ACTIVE_ARCH = YES;
				SWIFT_ACTIVE_COMPILATION_CONDITIONS = "DEBUG $(inherited)";
				SWIFT_OPTIMIZATION_LEVEL = "-Onone";
			};
			name = Debug;
		};
		65B2E76730643DB800E4A229 /* Release configuration for PBXProject "SwiftUI.Metronome" */ = {
			isa = XCBuildConfiguration;
			buildSettings = {
				ALWAYS_SEARCH_USER_PATHS = NO;
				ASSETCATALOG_COMPILER_GENERATE_SWIFT_ASSET_SYMBOL_EXTENSIONS = YES;
				CLANG_ANALYZER_NONNULL = YES;
				CLANG_ANALYZER_NUMBER_OBJECT_CONVERSION = YES_AGGRESSIVE;
				CLANG_CXX_LANGUAGE_STANDARD = "gnu++20";
				CLANG_ENABLE_MODULES = YES;
				CLANG_ENABLE_OBJC_ARC = YES;
				CLANG_ENABLE_OBJC_WEAK = YES;
				CLANG_WARN_BLOCK_CAPTURE_AUTORELEASING = YES;
				CLANG_WARN_BOOL_CONVERSION = YES;
				CLANG_WARN_COMMA = YES;
				CLANG_WARN_CONSTANT_CONVERSION = YES;
				CLANG_WARN_DEPRECATED_OBJC_IMPLEMENTATIONS = YES;
				CLANG_WARN_DIRECT_OBJC_ISA_USAGE = YES_ERROR;
				CLANG_WARN_DOCUMENTATION_COMMENTS = YES;
				CLANG_WARN_EMPTY_BODY = YES;
				CLANG_WARN_ENUM_CONVERSION = YES;
				CLANG_WARN_INFINITE_RECURSION = YES;
				CLANG_WARN_INT_CONVERSION = YES;
				CLANG_WARN_NON_LITERAL_NULL_CONVERSION = YES;
				CLANG_WARN_OBJC_IMPLICIT_RETAIN_SELF = YES;
				CLANG_WARN_OBJC_LITERAL_CONVERSION = YES;
				CLANG_WARN_OBJC_ROOT_CLASS = YES_ERROR;
				CLANG_WARN_QUOTED_INCLUDE_IN_FRAMEWORK_HEADER = YES;
				CLANG_WARN_RANGE_LOOP_ANALYSIS = YES;
				CLANG_WARN_STRICT_PROTOTYPES = YES;
				CLANG_WARN_SUSPICIOUS_MOVE = YES;
				CLANG_WARN_UNGUARDED_AVAILABILITY = YES_AGGRESSIVE;
				CLANG_WARN_UNREACHABLE_CODE = YES;
				CLANG_WARN__DUPLICATE_METHOD_MATCH = YES;
				COPY_PHASE_STRIP = NO;
				DEBUG_INFORMATION_FORMAT = "dwarf-with-dsym";
				DEVELOPMENT_TEAM = WUZMZ57JUU;
				ENABLE_NS_ASSERTIONS = NO;
				ENABLE_STRICT_OBJC_MSGSEND = YES;
				ENABLE_USER_SCRIPT_SANDBOXING = YES;
				GCC_C_LANGUAGE_STANDARD = gnu17;
				GCC_NO_COMMON_BLOCKS = YES;
				GCC_WARN_64_TO_32_BIT_CONVERSION = YES;
				GCC_WARN_ABOUT_RETURN_TYPE = YES_ERROR;
				GCC_WARN_UNDECLARED_SELECTOR = YES;
				GCC_WARN_UNINITIALIZED_AUTOS = YES_AGGRESSIVE;
				GCC_WARN_UNUSED_FUNCTION = YES;
				GCC_WARN_UNUSED_VARIABLE = YES;
				LOCALIZATION_PREFERS_STRING_CATALOGS = YES;
				MTL_ENABLE_DEBUG_INFO = NO;
				MTL_FAST_MATH = YES;
				SWIFT_COMPILATION_MODE = wholemodule;
			};
			name = Release;
		};
		65B2E76930643DB800E4A229 /* Debug configuration for PBXNativeTarget "SwiftUI.Metronome" */ = {
			isa = XCBuildConfiguration;
			buildSettings = {
				ASSETCATALOG_COMPILER_APPICON_NAME = AppIcon;
				ASSETCATALOG_COMPILER_GLOBAL_ACCENT_COLOR_NAME = AccentColor;
				CODE_SIGN_STYLE = Automatic;
				CURRENT_PROJECT_VERSION = 1;
				DEVELOPMENT_TEAM = WUZMZ57JUU;
				ENABLE_APP_SANDBOX = YES;
				ENABLE_HARDENED_RUNTIME = YES;
				ENABLE_PREVIEWS = YES;
				ENABLE_USER_SELECTED_FILES = readonly;
				GENERATE_INFOPLIST_FILE = YES;
				INFOPLIST_FILE = Info.plist;
				INFOPLIST_KEY_CFBundleDisplayName = Metronome;
				INFOPLIST_KEY_LSApplicationCategoryType = "public.app-category.entertainment";
				"INFOPLIST_KEY_UIApplicationSceneManifest_Generation[sdk=iphoneos*]" = YES;
				"INFOPLIST_KEY_UIApplicationSceneManifest_Generation[sdk=iphonesimulator*]" = YES;
				"INFOPLIST_KEY_UIApplicationSupportsIndirectInputEvents[sdk=iphoneos*]" = YES;
				"INFOPLIST_KEY_UIApplicationSupportsIndirectInputEvents[sdk=iphonesimulator*]" = YES;
				"INFOPLIST_KEY_UILaunchScreen_Generation[sdk=iphoneos*]" = YES;
				"INFOPLIST_KEY_UILaunchScreen_Generation[sdk=iphonesimulator*]" = YES;
				"INFOPLIST_KEY_UIStatusBarStyle[sdk=iphoneos*]" = UIStatusBarStyleDefault;
				"INFOPLIST_KEY_UIStatusBarStyle[sdk=iphonesimulator*]" = UIStatusBarStyleDefault;
				INFOPLIST_KEY_UISupportedInterfaceOrientations_iPad = "UIInterfaceOrientationPortrait UIInterfaceOrientationPortraitUpsideDown UIInterfaceOrientationLandscapeLeft UIInterfaceOrientationLandscapeRight";
				INFOPLIST_KEY_UISupportedInterfaceOrientations_iPhone = "UIInterfaceOrientationPortrait UIInterfaceOrientationLandscapeLeft UIInterfaceOrientationLandscapeRight";
				IPHONEOS_DEPLOYMENT_TARGET = 17.0;
				LD_RUNPATH_SEARCH_PATHS = "@executable_path/Frameworks";
				"LD_RUNPATH_SEARCH_PATHS[sdk=macosx*]" = "@executable_path/../Frameworks";
				MACOSX_DEPLOYMENT_TARGET = 26.7;
				MARKETING_VERSION = 1.0;
				PRODUCT_BUNDLE_IDENTIFIER = "com.danielancines.SwiftUI-Metronome";
				PRODUCT_NAME = "$(TARGET_NAME)";
				REGISTER_APP_GROUPS = YES;
				SDKROOT = auto;
				STRING_CATALOG_GENERATE_SYMBOLS = YES;
				SUPPORTED_PLATFORMS = "iphoneos iphonesimulator macosx xros xrsimulator";
				SWIFT_APPROACHABLE_CONCURRENCY = YES;
				SWIFT_DEFAULT_ACTOR_ISOLATION = MainActor;
				SWIFT_EMIT_LOC_STRINGS = YES;
				SWIFT_UPCOMING_FEATURE_MEMBER_IMPORT_VISIBILITY = YES;
				SWIFT_VERSION = 5.0;
				TARGETED_DEVICE_FAMILY = "1,2,7";
				XROS_DEPLOYMENT_TARGET = 27.0;
			};
			name = Debug;
		};
		65B2E76A30643DB800E4A229 /* Release configuration for PBXNativeTarget "SwiftUI.Metronome" */ = {
			isa = XCBuildConfiguration;
			buildSettings = {
				ASSETCATALOG_COMPILER_APPICON_NAME = AppIcon;
				ASSETCATALOG_COMPILER_GLOBAL_ACCENT_COLOR_NAME = AccentColor;
				CODE_SIGN_STYLE = Automatic;
				CURRENT_PROJECT_VERSION = 1;
				DEVELOPMENT_TEAM = WUZMZ57JUU;
				ENABLE_APP_SANDBOX = YES;
				ENABLE_HARDENED_RUNTIME = YES;
				ENABLE_PREVIEWS = YES;
				ENABLE_USER_SELECTED_FILES = readonly;
				GENERATE_INFOPLIST_FILE = YES;
				INFOPLIST_FILE = Info.plist;
				INFOPLIST_KEY_CFBundleDisplayName = Metronome;
				INFOPLIST_KEY_LSApplicationCategoryType = "public.app-category.entertainment";
				"INFOPLIST_KEY_UIApplicationSceneManifest_Generation[sdk=iphoneos*]" = YES;
				"INFOPLIST_KEY_UIApplicationSceneManifest_Generation[sdk=iphonesimulator*]" = YES;
				"INFOPLIST_KEY_UIApplicationSupportsIndirectInputEvents[sdk=iphoneos*]" = YES;
				"INFOPLIST_KEY_UIApplicationSupportsIndirectInputEvents[sdk=iphonesimulator*]" = YES;
				"INFOPLIST_KEY_UILaunchScreen_Generation[sdk=iphoneos*]" = YES;
				"INFOPLIST_KEY_UILaunchScreen_Generation[sdk=iphonesimulator*]" = YES;
				"INFOPLIST_KEY_UIStatusBarStyle[sdk=iphoneos*]" = UIStatusBarStyleDefault;
				"INFOPLIST_KEY_UIStatusBarStyle[sdk=iphonesimulator*]" = UIStatusBarStyleDefault;
				INFOPLIST_KEY_UISupportedInterfaceOrientations_iPad = "UIInterfaceOrientationPortrait UIInterfaceOrientationPortraitUpsideDown UIInterfaceOrientationLandscapeLeft UIInterfaceOrientationLandscapeRight";
				INFOPLIST_KEY_UISupportedInterfaceOrientations_iPhone = "UIInterfaceOrientationPortrait UIInterfaceOrientationLandscapeLeft UIInterfaceOrientationLandscapeRight";
				IPHONEOS_DEPLOYMENT_TARGET = 17.0;
				LD_RUNPATH_SEARCH_PATHS = "@executable_path/Frameworks";
				"LD_RUNPATH_SEARCH_PATHS[sdk=macosx*]" = "@executable_path/../Frameworks";
				MACOSX_DEPLOYMENT_TARGET = 26.7;
				MARKETING_VERSION = 1.0;
				PRODUCT_BUNDLE_IDENTIFIER = "com.danielancines.SwiftUI-Metronome";
				PRODUCT_NAME = "$(TARGET_NAME)";
				REGISTER_APP_GROUPS = YES;
				SDKROOT = auto;
				STRING_CATALOG_GENERATE_SYMBOLS = YES;
				SUPPORTED_PLATFORMS = "iphoneos iphonesimulator macosx xros xrsimulator";
				SWIFT_APPROACHABLE_CONCURRENCY = YES;
				SWIFT_DEFAULT_ACTOR_ISOLATION = MainActor;
				SWIFT_EMIT_LOC_STRINGS = YES;
				SWIFT_UPCOMING_FEATURE_MEMBER_IMPORT_VISIBILITY = YES;
				SWIFT_VERSION = 5.0;
				TARGETED_DEVICE_FAMILY = "1,2,7";
				XROS_DEPLOYMENT_TARGET = 27.0;
			};
			name = Release;
		};
		65B2E76C30643DB800E4A229 /* Debug configuration for PBXNativeTarget "SwiftUI.MetronomeTests" */ = {
			isa = XCBuildConfiguration;
			buildSettings = {
				BUNDLE_LOADER = "$(TEST_HOST)";
				CODE_SIGN_STYLE = Automatic;
				CURRENT_PROJECT_VERSION = 1;
				DEVELOPMENT_TEAM = WUZMZ57JUU;
				GENERATE_INFOPLIST_FILE = YES;
				IPHONEOS_DEPLOYMENT_TARGET = 17.0;
				MACOSX_DEPLOYMENT_TARGET = 26.7;
				MARKETING_VERSION = 1.0;
				PRODUCT_BUNDLE_IDENTIFIER = "com.danielancines.SwiftUI-MetronomeTests";
				PRODUCT_NAME = "$(TARGET_NAME)";
				SDKROOT = auto;
				STRING_CATALOG_GENERATE_SYMBOLS = NO;
				SUPPORTED_PLATFORMS = "iphoneos iphonesimulator macosx xros xrsimulator";
				SWIFT_APPROACHABLE_CONCURRENCY = YES;
				SWIFT_EMIT_LOC_STRINGS = NO;
				SWIFT_UPCOMING_FEATURE_MEMBER_IMPORT_VISIBILITY = YES;
				SWIFT_VERSION = 5.0;
				TARGETED_DEVICE_FAMILY = "1,2,7";
				TEST_HOST = "$(BUILT_PRODUCTS_DIR)/SwiftUI.Metronome.app/$(BUNDLE_EXECUTABLE_FOLDER_PATH)/SwiftUI.Metronome";
				XROS_DEPLOYMENT_TARGET = 27.0;
			};
			name = Debug;
		};
		65B2E76D30643DB800E4A229 /* Release configuration for PBXNativeTarget "SwiftUI.MetronomeTests" */ = {
			isa = XCBuildConfiguration;
			buildSettings = {
				BUNDLE_LOADER = "$(TEST_HOST)";
				CODE_SIGN_STYLE = Automatic;
				CURRENT_PROJECT_VERSION = 1;
				DEVELOPMENT_TEAM = WUZMZ57JUU;
				GENERATE_INFOPLIST_FILE = YES;
				IPHONEOS_DEPLOYMENT_TARGET = 17.0;
				MACOSX_DEPLOYMENT_TARGET = 26.7;
				MARKETING_VERSION = 1.0;
				PRODUCT_BUNDLE_IDENTIFIER = "com.danielancines.SwiftUI-MetronomeTests";
				PRODUCT_NAME = "$(TARGET_NAME)";
				SDKROOT = auto;
				STRING_CATALOG_GENERATE_SYMBOLS = NO;
				SUPPORTED_PLATFORMS = "iphoneos iphonesimulator macosx xros xrsimulator";
				SWIFT_APPROACHABLE_CONCURRENCY = YES;
				SWIFT_EMIT_LOC_STRINGS = NO;
				SWIFT_UPCOMING_FEATURE_MEMBER_IMPORT_VISIBILITY = YES;
				SWIFT_VERSION = 5.0;
				TARGETED_DEVICE_FAMILY = "1,2,7";
				TEST_HOST = "$(BUILT_PRODUCTS_DIR)/SwiftUI.Metronome.app/$(BUNDLE_EXECUTABLE_FOLDER_PATH)/SwiftUI.Metronome";
				XROS_DEPLOYMENT_TARGET = 27.0;
			};
			name = Release;
		};
		65B2E76F30643DB800E4A229 /* Debug configuration for PBXNativeTarget "SwiftUI.MetronomeUITests" */ = {
			isa = XCBuildConfiguration;
			buildSettings = {
				CODE_SIGN_STYLE = Automatic;
				CURRENT_PROJECT_VERSION = 1;
				DEVELOPMENT_TEAM = WUZMZ57JUU;
				GENERATE_INFOPLIST_FILE = YES;
				IPHONEOS_DEPLOYMENT_TARGET = 17.0;
				MACOSX_DEPLOYMENT_TARGET = 26.7;
				MARKETING_VERSION = 1.0;
				PRODUCT_BUNDLE_IDENTIFIER = "com.danielancines.SwiftUI-MetronomeUITests";
				PRODUCT_NAME = "$(TARGET_NAME)";
				SDKROOT = auto;
				STRING_CATALOG_GENERATE_SYMBOLS = NO;
				SUPPORTED_PLATFORMS = "iphoneos iphonesimulator macosx xros xrsimulator";
				SWIFT_APPROACHABLE_CONCURRENCY = YES;
				SWIFT_EMIT_LOC_STRINGS = NO;
				SWIFT_UPCOMING_FEATURE_MEMBER_IMPORT_VISIBILITY = YES;
				SWIFT_VERSION = 5.0;
				TARGETED_DEVICE_FAMILY = "1,2,7";
				TEST_TARGET_NAME = SwiftUI.Metronome;
				XROS_DEPLOYMENT_TARGET = 27.0;
			};
			name = Debug;
		};
		65B2E77030643DB800E4A229 /* Release configuration for PBXNativeTarget "SwiftUI.MetronomeUITests" */ = {
			isa = XCBuildConfiguration;
			buildSettings = {
				CODE_SIGN_STYLE = Automatic;
				CURRENT_PROJECT_VERSION = 1;
				DEVELOPMENT_TEAM = WUZMZ57JUU;
				GENERATE_INFOPLIST_FILE = YES;
				IPHONEOS_DEPLOYMENT_TARGET = 17.0;
				MACOSX_DEPLOYMENT_TARGET = 26.7;
				MARKETING_VERSION = 1.0;
				PRODUCT_BUNDLE_IDENTIFIER = "com.danielancines.SwiftUI-MetronomeUITests";
				PRODUCT_NAME = "$(TARGET_NAME)";
				SDKROOT = auto;
				STRING_CATALOG_GENERATE_SYMBOLS = NO;
				SUPPORTED_PLATFORMS = "iphoneos iphonesimulator macosx xros xrsimulator";
				SWIFT_APPROACHABLE_CONCURRENCY = YES;
				SWIFT_EMIT_LOC_STRINGS = NO;
				SWIFT_UPCOMING_FEATURE_MEMBER_IMPORT_VISIBILITY = YES;
				SWIFT_VERSION = 5.0;
				TARGETED_DEVICE_FAMILY = "1,2,7";
				TEST_TARGET_NAME = SwiftUI.Metronome;
				XROS_DEPLOYMENT_TARGET = 27.0;
			};
			name = Release;
		};
/* End XCBuildConfiguration section */

/* Begin XCConfigurationList section */
		65B2E74430643DB600E4A229 /* Build configuration list for PBXProject "SwiftUI.Metronome" */ = {
			isa = XCConfigurationList;
			buildConfigurations = (
				65B2E76630643DB800E4A229 /* Debug configuration for PBXProject "SwiftUI.Metronome" */,
				65B2E76730643DB800E4A229 /* Release configuration for PBXProject "SwiftUI.Metronome" */,
			);
			defaultConfigurationName = Release;
		};
		65B2E76830643DB800E4A229 /* Build configuration list for PBXNativeTarget "SwiftUI.Metronome" */ = {
			isa = XCConfigurationList;
			buildConfigurations = (
				65B2E76930643DB800E4A229 /* Debug configuration for PBXNativeTarget "SwiftUI.Metronome" */,
				65B2E76A30643DB800E4A229 /* Release configuration for PBXNativeTarget "SwiftUI.Metronome" */,
			);
			defaultConfigurationName = Release;
		};
		65B2E76B30643DB800E4A229 /* Build configuration list for PBXNativeTarget "SwiftUI.MetronomeTests" */ = {
			isa = XCConfigurationList;
			buildConfigurations = (
				65B2E76C30643DB800E4A229 /* Debug configuration for PBXNativeTarget "SwiftUI.MetronomeTests" */,
				65B2E76D30643DB800E4A229 /* Release configuration for PBXNativeTarget "SwiftUI.MetronomeTests" */,
			);
			defaultConfigurationName = Release;
		};
		65B2E76E30643DB800E4A229 /* Build configuration list for PBXNativeTarget "SwiftUI.MetronomeUITests" */ = {
			isa = XCConfigurationList;
			buildConfigurations = (
				65B2E76F30643DB800E4A229 /* Debug configuration for PBXNativeTarget "SwiftUI.MetronomeUITests" */,
				65B2E77030643DB800E4A229 /* Release configuration for PBXNativeTarget "SwiftUI.MetronomeUITests" */,
			);
			defaultConfigurationName = Release;
		};
/* End XCConfigurationList section */
	};
	rootObject = 65B2E74130643DB600E4A229 /* Project object */;
	validationLevel = 1;
}
